// !$*UTF8*$!
{
	archiveVersion = 1;
	classes = {
	};
	objectVersion = 46;
	objects = {

/* Begin PBXBuildFile section */
		D011A639195948A10035F2BD /* Model.swift in Sources */ = {isa = PBXBuildFile; fileRef = D011A638195948A10035F2BD /* Model.swift */; };
		D011A63B195952F10035F2BD /* TestModel.swift in Sources */ = {isa = PBXBuildFile; fileRef = D011A63A195952F10035F2BD /* TestModel.swift */; };
		D016B5361968ED4900B74FB1 /* Crust.framework in Frameworks */ = {isa = PBXBuildFile; fileRef = D016B52B1968ED4800B74FB1 /* Crust.framework */; };
		D016B5481968EDA100B74FB1 /* Box.swift in Sources */ = {isa = PBXBuildFile; fileRef = D093765E1956A62600566642 /* Box.swift */; };
		D016B5491968EDA100B74FB1 /* FromJSON.swift in Sources */ = {isa = PBXBuildFile; fileRef = D093765A1956A5A100566642 /* FromJSON.swift */; };
		D016B54A1968EDA100B74FB1 /* JSONValue.swift in Sources */ = {isa = PBXBuildFile; fileRef = D09376581956A4D000566642 /* JSONValue.swift */; };
		D016B54B1968EDA100B74FB1 /* Model.swift in Sources */ = {isa = PBXBuildFile; fileRef = D011A638195948A10035F2BD /* Model.swift */; };
		D016B54C1968EDA100B74FB1 /* Result.swift in Sources */ = {isa = PBXBuildFile; fileRef = D093765C1956A5F800566642 /* Result.swift */; };
		D016B54D1968EDA100B74FB1 /* TestModel.swift in Sources */ = {isa = PBXBuildFile; fileRef = D011A63A195952F10035F2BD /* TestModel.swift */; };
		D016B54E1968EDA100B74FB1 /* ToJSON.swift in Sources */ = {isa = PBXBuildFile; fileRef = D09376601956A69E00566642 /* ToJSON.swift */; };
		D016B54F1968EDA400B74FB1 /* Crust.h in Headers */ = {isa = PBXBuildFile; fileRef = D09376411956A49B00566642 /* Crust.h */; settings = {ATTRIBUTES = (Public, ); }; };
		D09376421956A49B00566642 /* Crust.h in Headers */ = {isa = PBXBuildFile; fileRef = D09376411956A49B00566642 /* Crust.h */; settings = {ATTRIBUTES = (Public, ); }; };
		D09376481956A49B00566642 /* Crust.framework in Frameworks */ = {isa = PBXBuildFile; fileRef = D093763C1956A49B00566642 /* Crust.framework */; };
		D093764F1956A49B00566642 /* CrustTests.swift in Sources */ = {isa = PBXBuildFile; fileRef = D093764E1956A49B00566642 /* CrustTests.swift */; };
		D09376591956A4D000566642 /* JSONValue.swift in Sources */ = {isa = PBXBuildFile; fileRef = D09376581956A4D000566642 /* JSONValue.swift */; };
		D093765B1956A5A100566642 /* FromJSON.swift in Sources */ = {isa = PBXBuildFile; fileRef = D093765A1956A5A100566642 /* FromJSON.swift */; };
		D093765D1956A5F800566642 /* Result.swift in Sources */ = {isa = PBXBuildFile; fileRef = D093765C1956A5F800566642 /* Result.swift */; };
		D093765F1956A62600566642 /* Box.swift in Sources */ = {isa = PBXBuildFile; fileRef = D093765E1956A62600566642 /* Box.swift */; };
		D09376611956A69E00566642 /* ToJSON.swift in Sources */ = {isa = PBXBuildFile; fileRef = D09376601956A69E00566642 /* ToJSON.swift */; };
/* End PBXBuildFile section */

/* Begin PBXContainerItemProxy section */
		D016B5221968ECF900B74FB1 /* PBXContainerItemProxy */ = {
			isa = PBXContainerItemProxy;
			containerPortal = D09376331956A49B00566642 /* Project object */;
			proxyType = 1;
			remoteGlobalIDString = D093763B1956A49B00566642;
			remoteInfo = Crust;
		};
		D016B5241968ED2100B74FB1 /* PBXContainerItemProxy */ = {
			isa = PBXContainerItemProxy;
			containerPortal = D09376331956A49B00566642 /* Project object */;
			proxyType = 1;
			remoteGlobalIDString = D093763B1956A49B00566642;
			remoteInfo = "Crust-Mac";
		};
		D016B5371968ED4900B74FB1 /* PBXContainerItemProxy */ = {
			isa = PBXContainerItemProxy;
			containerPortal = D09376331956A49B00566642 /* Project object */;
			proxyType = 1;
			remoteGlobalIDString = D016B52A1968ED4800B74FB1;
			remoteInfo = Crust;
		};
		D016B5441968ED4A00B74FB1 /* PBXContainerItemProxy */ = {
			isa = PBXContainerItemProxy;
			containerPortal = D09376331956A49B00566642 /* Project object */;
			proxyType = 1;
			remoteGlobalIDString = D016B52A1968ED4800B74FB1;
			remoteInfo = Crust;
		};
		D016B5461968ED5300B74FB1 /* PBXContainerItemProxy */ = {
			isa = PBXContainerItemProxy;
			containerPortal = D09376331956A49B00566642 /* Project object */;
			proxyType = 1;
			remoteGlobalIDString = D016B52A1968ED4800B74FB1;
			remoteInfo = "Crust-iOS";
		};
		D09376491956A49B00566642 /* PBXContainerItemProxy */ = {
			isa = PBXContainerItemProxy;
			containerPortal = D09376331956A49B00566642 /* Project object */;
			proxyType = 1;
			remoteGlobalIDString = D093763B1956A49B00566642;
			remoteInfo = Crust;
		};
/* End PBXContainerItemProxy section */

/* Begin PBXFileReference section */
		D011A638195948A10035F2BD /* Model.swift */ = {isa = PBXFileReference; fileEncoding = 4; lastKnownFileType = sourcecode.swift; path = Model.swift; sourceTree = "<group>"; };
		D011A63A195952F10035F2BD /* TestModel.swift */ = {isa = PBXFileReference; fileEncoding = 4; lastKnownFileType = sourcecode.swift; path = TestModel.swift; sourceTree = "<group>"; };
		D016B50C1968ECAC00B74FB1 /* Common.xcconfig */ = {isa = PBXFileReference; lastKnownFileType = text.xcconfig; path = Common.xcconfig; sourceTree = "<group>"; };
		D016B50E1968ECAC00B74FB1 /* Debug.xcconfig */ = {isa = PBXFileReference; lastKnownFileType = text.xcconfig; path = Debug.xcconfig; sourceTree = "<group>"; };
		D016B50F1968ECAC00B74FB1 /* Profile.xcconfig */ = {isa = PBXFileReference; lastKnownFileType = text.xcconfig; path = Profile.xcconfig; sourceTree = "<group>"; };
		D016B5101968ECAC00B74FB1 /* Release.xcconfig */ = {isa = PBXFileReference; lastKnownFileType = text.xcconfig; path = Release.xcconfig; sourceTree = "<group>"; };
		D016B5111968ECAC00B74FB1 /* Test.xcconfig */ = {isa = PBXFileReference; lastKnownFileType = text.xcconfig; path = Test.xcconfig; sourceTree = "<group>"; };
		D016B5131968ECAC00B74FB1 /* Application.xcconfig */ = {isa = PBXFileReference; lastKnownFileType = text.xcconfig; path = Application.xcconfig; sourceTree = "<group>"; };
		D016B5141968ECAC00B74FB1 /* Framework.xcconfig */ = {isa = PBXFileReference; lastKnownFileType = text.xcconfig; path = Framework.xcconfig; sourceTree = "<group>"; };
		D016B5151968ECAC00B74FB1 /* StaticLibrary.xcconfig */ = {isa = PBXFileReference; lastKnownFileType = text.xcconfig; path = StaticLibrary.xcconfig; sourceTree = "<group>"; };
		D016B5171968ECAC00B74FB1 /* iOS-Application.xcconfig */ = {isa = PBXFileReference; lastKnownFileType = text.xcconfig; path = "iOS-Application.xcconfig"; sourceTree = "<group>"; };
		D016B5181968ECAC00B74FB1 /* iOS-Base.xcconfig */ = {isa = PBXFileReference; lastKnownFileType = text.xcconfig; path = "iOS-Base.xcconfig"; sourceTree = "<group>"; };
		D016B5191968ECAC00B74FB1 /* iOS-Framework.xcconfig */ = {isa = PBXFileReference; lastKnownFileType = text.xcconfig; path = "iOS-Framework.xcconfig"; sourceTree = "<group>"; };
		D016B51A1968ECAC00B74FB1 /* iOS-StaticLibrary.xcconfig */ = {isa = PBXFileReference; lastKnownFileType = text.xcconfig; path = "iOS-StaticLibrary.xcconfig"; sourceTree = "<group>"; };
		D016B51C1968ECAC00B74FB1 /* Mac-Application.xcconfig */ = {isa = PBXFileReference; lastKnownFileType = text.xcconfig; path = "Mac-Application.xcconfig"; sourceTree = "<group>"; };
		D016B51D1968ECAC00B74FB1 /* Mac-Base.xcconfig */ = {isa = PBXFileReference; lastKnownFileType = text.xcconfig; path = "Mac-Base.xcconfig"; sourceTree = "<group>"; };
		D016B51E1968ECAC00B74FB1 /* Mac-DynamicLibrary.xcconfig */ = {isa = PBXFileReference; lastKnownFileType = text.xcconfig; path = "Mac-DynamicLibrary.xcconfig"; sourceTree = "<group>"; };
		D016B51F1968ECAC00B74FB1 /* Mac-Framework.xcconfig */ = {isa = PBXFileReference; lastKnownFileType = text.xcconfig; path = "Mac-Framework.xcconfig"; sourceTree = "<group>"; };
		D016B5201968ECAC00B74FB1 /* Mac-StaticLibrary.xcconfig */ = {isa = PBXFileReference; lastKnownFileType = text.xcconfig; path = "Mac-StaticLibrary.xcconfig"; sourceTree = "<group>"; };
		D016B5211968ECAC00B74FB1 /* README.md */ = {isa = PBXFileReference; lastKnownFileType = net.daringfireball.markdown; path = README.md; sourceTree = "<group>"; };
		D016B52B1968ED4800B74FB1 /* Crust.framework */ = {isa = PBXFileReference; explicitFileType = wrapper.framework; includeInIndex = 0; path = Crust.framework; sourceTree = BUILT_PRODUCTS_DIR; };
		D016B5351968ED4900B74FB1 /* Crust-iOSTests.xctest */ = {isa = PBXFileReference; explicitFileType = wrapper.cfbundle; includeInIndex = 0; path = "Crust-iOSTests.xctest"; sourceTree = BUILT_PRODUCTS_DIR; };
		D093763C1956A49B00566642 /* Crust.framework */ = {isa = PBXFileReference; explicitFileType = wrapper.framework; includeInIndex = 0; path = Crust.framework; sourceTree = BUILT_PRODUCTS_DIR; };
		D09376401956A49B00566642 /* Info.plist */ = {isa = PBXFileReference; lastKnownFileType = text.plist.xml; path = Info.plist; sourceTree = "<group>"; };
		D09376411956A49B00566642 /* Crust.h */ = {isa = PBXFileReference; lastKnownFileType = sourcecode.c.h; path = Crust.h; sourceTree = "<group>"; };
		D09376471956A49B00566642 /* CrustTests.xctest */ = {isa = PBXFileReference; explicitFileType = wrapper.cfbundle; includeInIndex = 0; name = CrustTests.xctest; path = "Crust-MacTests.xctest"; sourceTree = BUILT_PRODUCTS_DIR; };
		D093764D1956A49B00566642 /* Info.plist */ = {isa = PBXFileReference; lastKnownFileType = text.plist.xml; path = Info.plist; sourceTree = "<group>"; };
		D093764E1956A49B00566642 /* CrustTests.swift */ = {isa = PBXFileReference; lastKnownFileType = sourcecode.swift; path = CrustTests.swift; sourceTree = "<group>"; };
		D09376581956A4D000566642 /* JSONValue.swift */ = {isa = PBXFileReference; fileEncoding = 4; lastKnownFileType = sourcecode.swift; path = JSONValue.swift; sourceTree = "<group>"; };
		D093765A1956A5A100566642 /* FromJSON.swift */ = {isa = PBXFileReference; fileEncoding = 4; lastKnownFileType = sourcecode.swift; path = FromJSON.swift; sourceTree = "<group>"; };
		D093765C1956A5F800566642 /* Result.swift */ = {isa = PBXFileReference; fileEncoding = 4; lastKnownFileType = sourcecode.swift; path = Result.swift; sourceTree = "<group>"; };
		D093765E1956A62600566642 /* Box.swift */ = {isa = PBXFileReference; fileEncoding = 4; lastKnownFileType = sourcecode.swift; path = Box.swift; sourceTree = "<group>"; };
		D09376601956A69E00566642 /* ToJSON.swift */ = {isa = PBXFileReference; fileEncoding = 4; lastKnownFileType = sourcecode.swift; path = ToJSON.swift; sourceTree = "<group>"; };
/* End PBXFileReference section */

/* Begin PBXFrameworksBuildPhase section */
		D016B5271968ED4800B74FB1 /* Frameworks */ = {
			isa = PBXFrameworksBuildPhase;
			buildActionMask = 2147483647;
			files = (
			);
			runOnlyForDeploymentPostprocessing = 0;
		};
		D016B5321968ED4900B74FB1 /* Frameworks */ = {
			isa = PBXFrameworksBuildPhase;
			buildActionMask = 2147483647;
			files = (
				D016B5361968ED4900B74FB1 /* Crust.framework in Frameworks */,
			);
			runOnlyForDeploymentPostprocessing = 0;
		};
		D09376381956A49B00566642 /* Frameworks */ = {
			isa = PBXFrameworksBuildPhase;
			buildActionMask = 2147483647;
			files = (
			);
			runOnlyForDeploymentPostprocessing = 0;
		};
		D09376441956A49B00566642 /* Frameworks */ = {
			isa = PBXFrameworksBuildPhase;
			buildActionMask = 2147483647;
			files = (
				D09376481956A49B00566642 /* Crust.framework in Frameworks */,
			);
			runOnlyForDeploymentPostprocessing = 0;
		};
/* End PBXFrameworksBuildPhase section */

/* Begin PBXGroup section */
		D016B50A1968ECAC00B74FB1 /* Configuration */ = {
			isa = PBXGroup;
			children = (
				D016B50B1968ECAC00B74FB1 /* Base */,
				D016B5161968ECAC00B74FB1 /* iOS */,
				D016B51B1968ECAC00B74FB1 /* Mac OS X */,
				D016B5211968ECAC00B74FB1 /* README.md */,
			);
			name = Configuration;
			path = External/xcconfigs;
			sourceTree = "<group>";
		};
		D016B50B1968ECAC00B74FB1 /* Base */ = {
			isa = PBXGroup;
			children = (
				D016B50C1968ECAC00B74FB1 /* Common.xcconfig */,
				D016B50D1968ECAC00B74FB1 /* Configurations */,
				D016B5121968ECAC00B74FB1 /* Targets */,
			);
			path = Base;
			sourceTree = "<group>";
		};
		D016B50D1968ECAC00B74FB1 /* Configurations */ = {
			isa = PBXGroup;
			children = (
				D016B50E1968ECAC00B74FB1 /* Debug.xcconfig */,
				D016B50F1968ECAC00B74FB1 /* Profile.xcconfig */,
				D016B5101968ECAC00B74FB1 /* Release.xcconfig */,
				D016B5111968ECAC00B74FB1 /* Test.xcconfig */,
			);
			path = Configurations;
			sourceTree = "<group>";
		};
		D016B5121968ECAC00B74FB1 /* Targets */ = {
			isa = PBXGroup;
			children = (
				D016B5131968ECAC00B74FB1 /* Application.xcconfig */,
				D016B5141968ECAC00B74FB1 /* Framework.xcconfig */,
				D016B5151968ECAC00B74FB1 /* StaticLibrary.xcconfig */,
			);
			path = Targets;
			sourceTree = "<group>";
		};
		D016B5161968ECAC00B74FB1 /* iOS */ = {
			isa = PBXGroup;
			children = (
				D016B5171968ECAC00B74FB1 /* iOS-Application.xcconfig */,
				D016B5181968ECAC00B74FB1 /* iOS-Base.xcconfig */,
				D016B5191968ECAC00B74FB1 /* iOS-Framework.xcconfig */,
				D016B51A1968ECAC00B74FB1 /* iOS-StaticLibrary.xcconfig */,
			);
			path = iOS;
			sourceTree = "<group>";
		};
		D016B51B1968ECAC00B74FB1 /* Mac OS X */ = {
			isa = PBXGroup;
			children = (
				D016B51C1968ECAC00B74FB1 /* Mac-Application.xcconfig */,
				D016B51D1968ECAC00B74FB1 /* Mac-Base.xcconfig */,
				D016B51E1968ECAC00B74FB1 /* Mac-DynamicLibrary.xcconfig */,
				D016B51F1968ECAC00B74FB1 /* Mac-Framework.xcconfig */,
				D016B5201968ECAC00B74FB1 /* Mac-StaticLibrary.xcconfig */,
			);
			path = "Mac OS X";
			sourceTree = "<group>";
		};
		D09376321956A49B00566642 = {
			isa = PBXGroup;
			children = (
				D093763E1956A49B00566642 /* Crust */,
				D093764B1956A49B00566642 /* CrustTests */,
				D016B50A1968ECAC00B74FB1 /* Configuration */,
				D093763D1956A49B00566642 /* Products */,
			);
			sourceTree = "<group>";
		};
		D093763D1956A49B00566642 /* Products */ = {
			isa = PBXGroup;
			children = (
				D093763C1956A49B00566642 /* Crust.framework */,
				D09376471956A49B00566642 /* CrustTests.xctest */,
				D016B52B1968ED4800B74FB1 /* Crust.framework */,
				D016B5351968ED4900B74FB1 /* Crust-iOSTests.xctest */,
			);
			name = Products;
			sourceTree = "<group>";
		};
		D093763E1956A49B00566642 /* Crust */ = {
			isa = PBXGroup;
			children = (
				D09376411956A49B00566642 /* Crust.h */,
				D093765E1956A62600566642 /* Box.swift */,
				D093765A1956A5A100566642 /* FromJSON.swift */,
				D09376581956A4D000566642 /* JSONValue.swift */,
				D011A638195948A10035F2BD /* Model.swift */,
				D093765C1956A5F800566642 /* Result.swift */,
				D011A63A195952F10035F2BD /* TestModel.swift */,
				D09376601956A69E00566642 /* ToJSON.swift */,
				D093763F1956A49B00566642 /* Supporting Files */,
			);
			path = Crust;
			sourceTree = "<group>";
		};
		D093763F1956A49B00566642 /* Supporting Files */ = {
			isa = PBXGroup;
			children = (
				D09376401956A49B00566642 /* Info.plist */,
			);
			name = "Supporting Files";
			sourceTree = "<group>";
		};
		D093764B1956A49B00566642 /* CrustTests */ = {
			isa = PBXGroup;
			children = (
				D093764E1956A49B00566642 /* CrustTests.swift */,
				D093764C1956A49B00566642 /* Supporting Files */,
			);
			path = CrustTests;
			sourceTree = "<group>";
		};
		D093764C1956A49B00566642 /* Supporting Files */ = {
			isa = PBXGroup;
			children = (
				D093764D1956A49B00566642 /* Info.plist */,
			);
			name = "Supporting Files";
			sourceTree = "<group>";
		};
/* End PBXGroup section */

/* Begin PBXHeadersBuildPhase section */
		D016B5281968ED4800B74FB1 /* Headers */ = {
			isa = PBXHeadersBuildPhase;
			buildActionMask = 2147483647;
			files = (
				D016B54F1968EDA400B74FB1 /* Crust.h in Headers */,
			);
			runOnlyForDeploymentPostprocessing = 0;
		};
		D09376391956A49B00566642 /* Headers */ = {
			isa = PBXHeadersBuildPhase;
			buildActionMask = 2147483647;
			files = (
				D09376421956A49B00566642 /* Crust.h in Headers */,
			);
			runOnlyForDeploymentPostprocessing = 0;
		};
/* End PBXHeadersBuildPhase section */

/* Begin PBXNativeTarget section */
		D016B52A1968ED4800B74FB1 /* Crust-iOS */ = {
			isa = PBXNativeTarget;
			buildConfigurationList = D016B53E1968ED4900B74FB1 /* Build configuration list for PBXNativeTarget "Crust-iOS" */;
			buildPhases = (
				D016B5261968ED4800B74FB1 /* Sources */,
				D016B5271968ED4800B74FB1 /* Frameworks */,
				D016B5281968ED4800B74FB1 /* Headers */,
				D016B5291968ED4800B74FB1 /* Resources */,
			);
			buildRules = (
			);
			dependencies = (
			);
			name = "Crust-iOS";
			productName = Crust;
			productReference = D016B52B1968ED4800B74FB1 /* Crust.framework */;
			productType = "com.apple.product-type.framework";
		};
		D016B5341968ED4900B74FB1 /* Crust-iOSTests */ = {
			isa = PBXNativeTarget;
			buildConfigurationList = D016B5411968ED4900B74FB1 /* Build configuration list for PBXNativeTarget "Crust-iOSTests" */;
			buildPhases = (
				D016B5311968ED4900B74FB1 /* Sources */,
				D016B5321968ED4900B74FB1 /* Frameworks */,
				D016B5331968ED4900B74FB1 /* Resources */,
			);
			buildRules = (
			);
			dependencies = (
				D016B5381968ED4900B74FB1 /* PBXTargetDependency */,
				D016B5451968ED4A00B74FB1 /* PBXTargetDependency */,
				D016B5471968ED5300B74FB1 /* PBXTargetDependency */,
			);
			name = "Crust-iOSTests";
			productName = CrustTests;
			productReference = D016B5351968ED4900B74FB1 /* Crust-iOSTests.xctest */;
			productType = "com.apple.product-type.bundle.unit-test";
		};
		D093763B1956A49B00566642 /* Crust-Mac */ = {
			isa = PBXNativeTarget;
			buildConfigurationList = D09376521956A49B00566642 /* Build configuration list for PBXNativeTarget "Crust-Mac" */;
			buildPhases = (
				D09376371956A49B00566642 /* Sources */,
				D09376381956A49B00566642 /* Frameworks */,
				D09376391956A49B00566642 /* Headers */,
				D093763A1956A49B00566642 /* Resources */,
			);
			buildRules = (
			);
			dependencies = (
			);
			name = "Crust-Mac";
			productName = Crust;
			productReference = D093763C1956A49B00566642 /* Crust.framework */;
			productType = "com.apple.product-type.framework";
		};
		D09376461956A49B00566642 /* Crust-MacTests */ = {
			isa = PBXNativeTarget;
			buildConfigurationList = D09376551956A49B00566642 /* Build configuration list for PBXNativeTarget "Crust-MacTests" */;
			buildPhases = (
				D09376431956A49B00566642 /* Sources */,
				D09376441956A49B00566642 /* Frameworks */,
				D09376451956A49B00566642 /* Resources */,
			);
			buildRules = (
			);
			dependencies = (
				D093764A1956A49B00566642 /* PBXTargetDependency */,
				D016B5231968ECF900B74FB1 /* PBXTargetDependency */,
				D016B5251968ED2100B74FB1 /* PBXTargetDependency */,
			);
			name = "Crust-MacTests";
			productName = CrustTests;
			productReference = D09376471956A49B00566642 /* CrustTests.xctest */;
			productType = "com.apple.product-type.bundle.unit-test";
		};
/* End PBXNativeTarget section */

/* Begin PBXProject section */
		D09376331956A49B00566642 /* Project object */ = {
			isa = PBXProject;
			attributes = {
				LastUpgradeCheck = 0600;
				ORGANIZATIONNAME = "Justin Spahr-Summers";
				TargetAttributes = {
					D016B52A1968ED4800B74FB1 = {
						CreatedOnToolsVersion = 6.0;
					};
					D016B5341968ED4900B74FB1 = {
						CreatedOnToolsVersion = 6.0;
						TestTargetID = D016B52A1968ED4800B74FB1;
					};
					D093763B1956A49B00566642 = {
						CreatedOnToolsVersion = 6.0;
					};
					D09376461956A49B00566642 = {
						CreatedOnToolsVersion = 6.0;
						TestTargetID = D093763B1956A49B00566642;
					};
				};
			};
			buildConfigurationList = D09376361956A49B00566642 /* Build configuration list for PBXProject "Crust" */;
			compatibilityVersion = "Xcode 3.2";
			developmentRegion = English;
			hasScannedForEncodings = 0;
			knownRegions = (
				en,
			);
			mainGroup = D09376321956A49B00566642;
			productRefGroup = D093763D1956A49B00566642 /* Products */;
			projectDirPath = "";
			projectRoot = "";
			targets = (
				D093763B1956A49B00566642 /* Crust-Mac */,
				D09376461956A49B00566642 /* Crust-MacTests */,
				D016B52A1968ED4800B74FB1 /* Crust-iOS */,
				D016B5341968ED4900B74FB1 /* Crust-iOSTests */,
			);
		};
/* End PBXProject section */

/* Begin PBXResourcesBuildPhase section */
		D016B5291968ED4800B74FB1 /* Resources */ = {
			isa = PBXResourcesBuildPhase;
			buildActionMask = 2147483647;
			files = (
			);
			runOnlyForDeploymentPostprocessing = 0;
		};
		D016B5331968ED4900B74FB1 /* Resources */ = {
			isa = PBXResourcesBuildPhase;
			buildActionMask = 2147483647;
			files = (
			);
			runOnlyForDeploymentPostprocessing = 0;
		};
		D093763A1956A49B00566642 /* Resources */ = {
			isa = PBXResourcesBuildPhase;
			buildActionMask = 2147483647;
			files = (
			);
			runOnlyForDeploymentPostprocessing = 0;
		};
		D09376451956A49B00566642 /* Resources */ = {
			isa = PBXResourcesBuildPhase;
			buildActionMask = 2147483647;
			files = (
			);
			runOnlyForDeploymentPostprocessing = 0;
		};
/* End PBXResourcesBuildPhase section */

/* Begin PBXSourcesBuildPhase section */
		D016B5261968ED4800B74FB1 /* Sources */ = {
			isa = PBXSourcesBuildPhase;
			buildActionMask = 2147483647;
			files = (
				D016B54A1968EDA100B74FB1 /* JSONValue.swift in Sources */,
				D016B54C1968EDA100B74FB1 /* Result.swift in Sources */,
				D016B5481968EDA100B74FB1 /* Box.swift in Sources */,
				D016B54D1968EDA100B74FB1 /* TestModel.swift in Sources */,
				D016B54E1968EDA100B74FB1 /* ToJSON.swift in Sources */,
				D016B5491968EDA100B74FB1 /* FromJSON.swift in Sources */,
				D016B54B1968EDA100B74FB1 /* Model.swift in Sources */,
			);
			runOnlyForDeploymentPostprocessing = 0;
		};
		D016B5311968ED4900B74FB1 /* Sources */ = {
			isa = PBXSourcesBuildPhase;
			buildActionMask = 2147483647;
			files = (
			);
			runOnlyForDeploymentPostprocessing = 0;
		};
		D09376371956A49B00566642 /* Sources */ = {
			isa = PBXSourcesBuildPhase;
			buildActionMask = 2147483647;
			files = (
				D011A639195948A10035F2BD /* Model.swift in Sources */,
				D093765D1956A5F800566642 /* Result.swift in Sources */,
				D011A63B195952F10035F2BD /* TestModel.swift in Sources */,
				D093765F1956A62600566642 /* Box.swift in Sources */,
				D09376591956A4D000566642 /* JSONValue.swift in Sources */,
				D09376611956A69E00566642 /* ToJSON.swift in Sources */,
				D093765B1956A5A100566642 /* FromJSON.swift in Sources */,
			);
			runOnlyForDeploymentPostprocessing = 0;
		};
		D09376431956A49B00566642 /* Sources */ = {
			isa = PBXSourcesBuildPhase;
			buildActionMask = 2147483647;
			files = (
				D093764F1956A49B00566642 /* CrustTests.swift in Sources */,
			);
			runOnlyForDeploymentPostprocessing = 0;
		};
/* End PBXSourcesBuildPhase section */

/* Begin PBXTargetDependency section */
		D016B5231968ECF900B74FB1 /* PBXTargetDependency */ = {
			isa = PBXTargetDependency;
			target = D093763B1956A49B00566642 /* Crust-Mac */;
			targetProxy = D016B5221968ECF900B74FB1 /* PBXContainerItemProxy */;
		};
		D016B5251968ED2100B74FB1 /* PBXTargetDependency */ = {
			isa = PBXTargetDependency;
			target = D093763B1956A49B00566642 /* Crust-Mac */;
			targetProxy = D016B5241968ED2100B74FB1 /* PBXContainerItemProxy */;
		};
		D016B5381968ED4900B74FB1 /* PBXTargetDependency */ = {
			isa = PBXTargetDependency;
			target = D016B52A1968ED4800B74FB1 /* Crust-iOS */;
			targetProxy = D016B5371968ED4900B74FB1 /* PBXContainerItemProxy */;
		};
		D016B5451968ED4A00B74FB1 /* PBXTargetDependency */ = {
			isa = PBXTargetDependency;
			target = D016B52A1968ED4800B74FB1 /* Crust-iOS */;
			targetProxy = D016B5441968ED4A00B74FB1 /* PBXContainerItemProxy */;
		};
		D016B5471968ED5300B74FB1 /* PBXTargetDependency */ = {
			isa = PBXTargetDependency;
			target = D016B52A1968ED4800B74FB1 /* Crust-iOS */;
			targetProxy = D016B5461968ED5300B74FB1 /* PBXContainerItemProxy */;
		};
		D093764A1956A49B00566642 /* PBXTargetDependency */ = {
			isa = PBXTargetDependency;
			target = D093763B1956A49B00566642 /* Crust-Mac */;
			targetProxy = D09376491956A49B00566642 /* PBXContainerItemProxy */;
		};
/* End PBXTargetDependency section */

/* Begin XCBuildConfiguration section */
		D016B53F1968ED4900B74FB1 /* Debug */ = {
			isa = XCBuildConfiguration;
			baseConfigurationReference = D016B5191968ECAC00B74FB1 /* iOS-Framework.xcconfig */;
			buildSettings = {
				ALWAYS_SEARCH_USER_PATHS = NO;
				CLANG_CXX_LANGUAGE_STANDARD = "gnu++0x";
				CLANG_CXX_LIBRARY = "libc++";
				CLANG_ENABLE_MODULES = YES;
				CLANG_ENABLE_OBJC_ARC = YES;
				CLANG_WARN_BOOL_CONVERSION = YES;
				CLANG_WARN_CONSTANT_CONVERSION = YES;
				CLANG_WARN_DIRECT_OBJC_ISA_USAGE = YES_ERROR;
				CLANG_WARN_EMPTY_BODY = YES;
				CLANG_WARN_ENUM_CONVERSION = YES;
				CLANG_WARN_INT_CONVERSION = YES;
				CLANG_WARN_OBJC_ROOT_CLASS = YES_ERROR;
				CLANG_WARN_UNREACHABLE_CODE = YES;
				CLANG_WARN__DUPLICATE_METHOD_MATCH = YES;
				COMBINE_HIDPI_IMAGES = YES;
				DYLIB_COMPATIBILITY_VERSION = 1;
				DYLIB_CURRENT_VERSION = 1;
				ENABLE_STRICT_OBJC_MSGSEND = YES;
				FRAMEWORK_VERSION = A;
				GCC_C_LANGUAGE_STANDARD = gnu99;
				GCC_DYNAMIC_NO_PIC = NO;
				GCC_OPTIMIZATION_LEVEL = 0;
				GCC_PREPROCESSOR_DEFINITIONS = (
					"DEBUG=1",
					"$(inherited)",
				);
				GCC_SYMBOLS_PRIVATE_EXTERN = NO;
				GCC_WARN_64_TO_32_BIT_CONVERSION = YES;
				GCC_WARN_ABOUT_RETURN_TYPE = YES_ERROR;
				GCC_WARN_UNDECLARED_SELECTOR = YES;
				GCC_WARN_UNINITIALIZED_AUTOS = YES_AGGRESSIVE;
				GCC_WARN_UNUSED_FUNCTION = YES;
				GCC_WARN_UNUSED_VARIABLE = YES;
				INFOPLIST_FILE = Crust/Info.plist;
				LD_RUNPATH_SEARCH_PATHS = "$(inherited) @executable_path/../Frameworks @loader_path/../Frameworks";
				METAL_ENABLE_DEBUG_INFO = YES;
				ONLY_ACTIVE_ARCH = YES;
				PRODUCT_NAME = Crust;
				SWIFT_OPTIMIZATION_LEVEL = "-Onone";
			};
			name = Debug;
		};
		D016B5401968ED4900B74FB1 /* Release */ = {
			isa = XCBuildConfiguration;
			baseConfigurationReference = D016B5191968ECAC00B74FB1 /* iOS-Framework.xcconfig */;
			buildSettings = {
				ALWAYS_SEARCH_USER_PATHS = NO;
				CLANG_CXX_LANGUAGE_STANDARD = "gnu++0x";
				CLANG_CXX_LIBRARY = "libc++";
				CLANG_ENABLE_MODULES = YES;
				CLANG_ENABLE_OBJC_ARC = YES;
				CLANG_WARN_BOOL_CONVERSION = YES;
				CLANG_WARN_CONSTANT_CONVERSION = YES;
				CLANG_WARN_DIRECT_OBJC_ISA_USAGE = YES_ERROR;
				CLANG_WARN_EMPTY_BODY = YES;
				CLANG_WARN_ENUM_CONVERSION = YES;
				CLANG_WARN_INT_CONVERSION = YES;
				CLANG_WARN_OBJC_ROOT_CLASS = YES_ERROR;
				CLANG_WARN_UNREACHABLE_CODE = YES;
				CLANG_WARN__DUPLICATE_METHOD_MATCH = YES;
				COMBINE_HIDPI_IMAGES = YES;
				DYLIB_COMPATIBILITY_VERSION = 1;
				DYLIB_CURRENT_VERSION = 1;
				ENABLE_NS_ASSERTIONS = NO;
				ENABLE_STRICT_OBJC_MSGSEND = YES;
				FRAMEWORK_VERSION = A;
				GCC_C_LANGUAGE_STANDARD = gnu99;
				GCC_WARN_64_TO_32_BIT_CONVERSION = YES;
				GCC_WARN_ABOUT_RETURN_TYPE = YES_ERROR;
				GCC_WARN_UNDECLARED_SELECTOR = YES;
				GCC_WARN_UNINITIALIZED_AUTOS = YES_AGGRESSIVE;
				GCC_WARN_UNUSED_FUNCTION = YES;
				GCC_WARN_UNUSED_VARIABLE = YES;
				INFOPLIST_FILE = Crust/Info.plist;
				LD_RUNPATH_SEARCH_PATHS = "$(inherited) @executable_path/../Frameworks @loader_path/../Frameworks";
				METAL_ENABLE_DEBUG_INFO = NO;
				PRODUCT_NAME = Crust;
			};
			name = Release;
		};
		D016B5421968ED4900B74FB1 /* Debug */ = {
			isa = XCBuildConfiguration;
			baseConfigurationReference = D016B5171968ECAC00B74FB1 /* iOS-Application.xcconfig */;
			buildSettings = {
				ALWAYS_SEARCH_USER_PATHS = NO;
				CLANG_CXX_LANGUAGE_STANDARD = "gnu++0x";
				CLANG_CXX_LIBRARY = "libc++";
				CLANG_ENABLE_MODULES = YES;
				CLANG_ENABLE_OBJC_ARC = YES;
				CLANG_WARN_BOOL_CONVERSION = YES;
				CLANG_WARN_CONSTANT_CONVERSION = YES;
				CLANG_WARN_DIRECT_OBJC_ISA_USAGE = YES_ERROR;
				CLANG_WARN_EMPTY_BODY = YES;
				CLANG_WARN_ENUM_CONVERSION = YES;
				CLANG_WARN_INT_CONVERSION = YES;
				CLANG_WARN_OBJC_ROOT_CLASS = YES_ERROR;
				CLANG_WARN_UNREACHABLE_CODE = YES;
				CLANG_WARN__DUPLICATE_METHOD_MATCH = YES;
				ENABLE_STRICT_OBJC_MSGSEND = YES;
				FRAMEWORK_SEARCH_PATHS = (
					"$(DEVELOPER_FRAMEWORKS_DIR)",
					"$(inherited)",
				);
				GCC_C_LANGUAGE_STANDARD = gnu99;
				GCC_DYNAMIC_NO_PIC = NO;
				GCC_OPTIMIZATION_LEVEL = 0;
				GCC_PREPROCESSOR_DEFINITIONS = (
					"DEBUG=1",
					"$(inherited)",
				);
				GCC_SYMBOLS_PRIVATE_EXTERN = NO;
				GCC_WARN_64_TO_32_BIT_CONVERSION = YES;
				GCC_WARN_ABOUT_RETURN_TYPE = YES_ERROR;
				GCC_WARN_UNDECLARED_SELECTOR = YES;
				GCC_WARN_UNINITIALIZED_AUTOS = YES_AGGRESSIVE;
				GCC_WARN_UNUSED_FUNCTION = YES;
				GCC_WARN_UNUSED_VARIABLE = YES;
				INFOPLIST_FILE = CrustTests/Info.plist;
				LD_RUNPATH_SEARCH_PATHS = "$(inherited) @executable_path/../Frameworks @loader_path/../Frameworks";
				METAL_ENABLE_DEBUG_INFO = YES;
				ONLY_ACTIVE_ARCH = YES;
				PRODUCT_NAME = "$(TARGET_NAME)";
				SDKROOT = macosx;
				SWIFT_OPTIMIZATION_LEVEL = "-Onone";
			};
			name = Debug;
		};
		D016B5431968ED4900B74FB1 /* Release */ = {
			isa = XCBuildConfiguration;
			baseConfigurationReference = D016B5171968ECAC00B74FB1 /* iOS-Application.xcconfig */;
			buildSettings = {
				ALWAYS_SEARCH_USER_PATHS = NO;
				CLANG_CXX_LANGUAGE_STANDARD = "gnu++0x";
				CLANG_CXX_LIBRARY = "libc++";
				CLANG_ENABLE_MODULES = YES;
				CLANG_ENABLE_OBJC_ARC = YES;
				CLANG_WARN_BOOL_CONVERSION = YES;
				CLANG_WARN_CONSTANT_CONVERSION = YES;
				CLANG_WARN_DIRECT_OBJC_ISA_USAGE = YES_ERROR;
				CLANG_WARN_EMPTY_BODY = YES;
				CLANG_WARN_ENUM_CONVERSION = YES;
				CLANG_WARN_INT_CONVERSION = YES;
				CLANG_WARN_OBJC_ROOT_CLASS = YES_ERROR;
				CLANG_WARN_UNREACHABLE_CODE = YES;
				CLANG_WARN__DUPLICATE_METHOD_MATCH = YES;
				ENABLE_NS_ASSERTIONS = NO;
				ENABLE_STRICT_OBJC_MSGSEND = YES;
				FRAMEWORK_SEARCH_PATHS = (
					"$(DEVELOPER_FRAMEWORKS_DIR)",
					"$(inherited)",
				);
				GCC_C_LANGUAGE_STANDARD = gnu99;
				GCC_WARN_64_TO_32_BIT_CONVERSION = YES;
				GCC_WARN_ABOUT_RETURN_TYPE = YES_ERROR;
				GCC_WARN_UNDECLARED_SELECTOR = YES;
				GCC_WARN_UNINITIALIZED_AUTOS = YES_AGGRESSIVE;
				GCC_WARN_UNUSED_FUNCTION = YES;
				GCC_WARN_UNUSED_VARIABLE = YES;
				INFOPLIST_FILE = CrustTests/Info.plist;
				LD_RUNPATH_SEARCH_PATHS = "$(inherited) @executable_path/../Frameworks @loader_path/../Frameworks";
				METAL_ENABLE_DEBUG_INFO = NO;
				PRODUCT_NAME = "$(TARGET_NAME)";
				SDKROOT = macosx;
			};
			name = Release;
		};
		D09376501956A49B00566642 /* Debug */ = {
			isa = XCBuildConfiguration;
			baseConfigurationReference = D016B50E1968ECAC00B74FB1 /* Debug.xcconfig */;
			buildSettings = {
				CURRENT_PROJECT_VERSION = 1;
				IPHONEOS_DEPLOYMENT_TARGET = 7.1;
				MACOSX_DEPLOYMENT_TARGET = 10.9;
				VERSIONING_SYSTEM = "apple-generic";
				VERSION_INFO_PREFIX = "";
			};
			name = Debug;
		};
		D09376511956A49B00566642 /* Release */ = {
			isa = XCBuildConfiguration;
			baseConfigurationReference = D016B5101968ECAC00B74FB1 /* Release.xcconfig */;
			buildSettings = {
				CURRENT_PROJECT_VERSION = 1;
				IPHONEOS_DEPLOYMENT_TARGET = 7.1;
				MACOSX_DEPLOYMENT_TARGET = 10.9;
				VERSIONING_SYSTEM = "apple-generic";
				VERSION_INFO_PREFIX = "";
			};
			name = Release;
		};
		D09376531956A49B00566642 /* Debug */ = {
			isa = XCBuildConfiguration;
			baseConfigurationReference = D016B51F1968ECAC00B74FB1 /* Mac-Framework.xcconfig */;
			buildSettings = {
				DYLIB_COMPATIBILITY_VERSION = 1;
				DYLIB_CURRENT_VERSION = 1;
				FRAMEWORK_VERSION = A;
				INFOPLIST_FILE = Crust/Info.plist;
				PRODUCT_NAME = Crust;
			};
			name = Debug;
		};
		D09376541956A49B00566642 /* Release */ = {
			isa = XCBuildConfiguration;
			baseConfigurationReference = D016B51F1968ECAC00B74FB1 /* Mac-Framework.xcconfig */;
			buildSettings = {
				DYLIB_COMPATIBILITY_VERSION = 1;
				DYLIB_CURRENT_VERSION = 1;
				FRAMEWORK_VERSION = A;
				INFOPLIST_FILE = Crust/Info.plist;
				PRODUCT_NAME = Crust;
			};
			name = Release;
		};
		D09376561956A49B00566642 /* Debug */ = {
			isa = XCBuildConfiguration;
			baseConfigurationReference = D016B51C1968ECAC00B74FB1 /* Mac-Application.xcconfig */;
			buildSettings = {
				FRAMEWORK_SEARCH_PATHS = (
					"$(DEVELOPER_FRAMEWORKS_DIR)",
					"$(inherited)",
				);
				INFOPLIST_FILE = CrustTests/Info.plist;
				PRODUCT_NAME = "$(TARGET_NAME)";
			};
			name = Debug;
		};
		D09376571956A49B00566642 /* Release */ = {
			isa = XCBuildConfiguration;
			baseConfigurationReference = D016B51C1968ECAC00B74FB1 /* Mac-Application.xcconfig */;
			buildSettings = {
				FRAMEWORK_SEARCH_PATHS = (
					"$(DEVELOPER_FRAMEWORKS_DIR)",
					"$(inherited)",
				);
				INFOPLIST_FILE = CrustTests/Info.plist;
				PRODUCT_NAME = "$(TARGET_NAME)";
			};
			name = Release;
		};
/* End XCBuildConfiguration section */

/* Begin XCConfigurationList section */
		D016B53E1968ED4900B74FB1 /* Build configuration list for PBXNativeTarget "Crust-iOS" */ = {
			isa = XCConfigurationList;
			buildConfigurations = (
				D016B53F1968ED4900B74FB1 /* Debug */,
				D016B5401968ED4900B74FB1 /* Release */,
			);
			defaultConfigurationIsVisible = 0;
			defaultConfigurationName = Release;
		};
		D016B5411968ED4900B74FB1 /* Build configuration list for PBXNativeTarget "Crust-iOSTests" */ = {
			isa = XCConfigurationList;
			buildConfigurations = (
				D016B5421968ED4900B74FB1 /* Debug */,
				D016B5431968ED4900B74FB1 /* Release */,
			);
			defaultConfigurationIsVisible = 0;
			defaultConfigurationName = Release;
		};
		D09376361956A49B00566642 /* Build configuration list for PBXProject "Crust" */ = {
			isa = XCConfigurationList;
			buildConfigurations = (
				D09376501956A49B00566642 /* Debug */,
				D09376511956A49B00566642 /* Release */,
			);
			defaultConfigurationIsVisible = 0;
			defaultConfigurationName = Release;
		};
		D09376521956A49B00566642 /* Build configuration list for PBXNativeTarget "Crust-Mac" */ = {
			isa = XCConfigurationList;
			buildConfigurations = (
				D09376531956A49B00566642 /* Debug */,
				D09376541956A49B00566642 /* Release */,
			);
			defaultConfigurationIsVisible = 0;
			defaultConfigurationName = Release;
		};
		D09376551956A49B00566642 /* Build configuration list for PBXNativeTarget "Crust-MacTests" */ = {
			isa = XCConfigurationList;
			buildConfigurations = (
				D09376561956A49B00566642 /* Debug */,
				D09376571956A49B00566642 /* Release */,
			);
			defaultConfigurationIsVisible = 0;
			defaultConfigurationName = Release;
		};
/* End XCConfigurationList section */
	};
	rootObject = D09376331956A49B00566642 /* Project object */;
}
